
Microsoft Visual Studio Solution File, Format Version 12.00
# Visual Studio Version 17
VisualStudioVersion = 17.9.34728.123
MinimumVisualStudioVersion = 10.0.40219.1
Project("{FAE04EC0-301F-11D3-BF4B-00C04F79EFBC}") = "UserStory", "UserStory\UserStory.csproj", "{B8D221A5-777C-451B-9E27-10D3682C12D9}"
EndProject
Project("{FAE04EC0-301F-11D3-BF4B-00C04F79EFBC}") = "SpecFlowUserStory", "SpecFlowUserStory\SpecFlowUserStory.csproj", "{07A7366C-FF47-4059-8A74-1F47D84C734A}"
EndProject
Global
	GlobalSection(SolutionConfigurationPlatforms) = preSolution
		Debug|Any CPU = Debug|Any CPU
		Release|Any CPU = Release|Any CPU
	EndGlobalSection
	GlobalSection(ProjectConfigurationPlatforms) = postSolution
		{B8D221A5-777C-451B-9E27-10D3682C12D9}.Debug|Any CPU.ActiveCfg = Debug|Any CPU
		{B8D221A5-777C-451B-9E27-10D3682C12D9}.Debug|Any CPU.Build.0 = Debug|Any CPU
		{B8D221A5-777C-451B-9E27-10D3682C12D9}.Release|Any CPU.ActiveCfg = Release|Any CPU
		{B8D221A5-777C-451B-9E27-10D3682C12D9}.Release|Any CPU.Build.0 = Release|Any CPU
		{07A7366C-FF47-4059-8A74-1F47D84C734A}.Debug|Any CPU.ActiveCfg = Debug|Any CPU
		{07A7366C-FF47-4059-8A74-1F47D84C734A}.Debug|Any CPU.Build.0 = Debug|Any CPU
		{07A7366C-FF47-4059-8A74-1F47D84C734A}.Release|Any CPU.ActiveCfg = Release|Any CPU
		{07A7366C-FF47-4059-8A74-1F47D84C734A}.Release|Any CPU.Build.0 = Release|Any CPU
	EndGlobalSection
	GlobalSection(SolutionProperties) = preSolution
		HideSolutionNode = FALSE
	EndGlobalSection
	GlobalSection(ExtensibilityGlobals) = postSolution
		SolutionGuid = {513CFF50-EA8F-488A-A717-95D8A7A0EDBD}
	EndGlobalSection
EndGlobal
